
Microsoft Visual Studio Solution File, Format Version 12.00
# Visual Studio Version 16
VisualStudioVersion = 16.0.32413.511
MinimumVisualStudioVersion = 10.0.40219.1
Project("{FAE04EC0-301F-11D3-BF4B-00C04F79EFBC}") = "SalesManage", "SalesManage\SalesManage.csproj", "{76A3C845-9CBC-4CD9-AE0A-537F9C060552}"
EndProject
Global
	GlobalSection(SolutionConfigurationPlatforms) = preSolution
		Debug|Any CPU = Debug|Any CPU
		Release|Any CPU = Release|Any CPU
	EndGlobalSection
	GlobalSection(ProjectConfigurationPlatforms) = postSolution
		{76A3C845-9CBC-4CD9-AE0A-537F9C060552}.Debug|Any CPU.ActiveCfg = Debug|Any CPU
		{76A3C845-9CBC-4CD9-AE0A-537F9C060552}.Debug|Any CPU.Build.0 = Debug|Any CPU
		{76A3C845-9CBC-4CD9-AE0A-537F9C060552}.Release|Any CPU.ActiveCfg = Release|Any CPU
		{76A3C845-9CBC-4CD9-AE0A-537F9C060552}.Release|Any CPU.Build.0 = Release|Any CPU
	EndGlobalSection
	GlobalSection(SolutionProperties) = preSolution
		HideSolutionNode = FALSE
	EndGlobalSection
	GlobalSection(ExtensibilityGlobals) = postSolution
		SolutionGuid = {51C393D7-FC72-4EBF-A93F-1FE10497DAC7}
	EndGlobalSection
EndGlobal
